
Microsoft Visual Studio Solution File, Format Version 12.00
# Visual Studio Version 16
VisualStudioVersion = 16.0.32929.386
MinimumVisualStudioVersion = 10.0.40219.1
Project("{FAE04EC0-301F-11D3-BF4B-00C04F79EFBC}") = "MTickets", "MTickets\MTickets.csproj", "{9C2A634D-5A20-45D2-9D9F-FDEFE1B3CB71}"
EndProject
Global
	GlobalSection(SolutionConfigurationPlatforms) = preSolution
		Debug|Any CPU = Debug|Any CPU
		Release|Any CPU = Release|Any CPU
	EndGlobalSection
	GlobalSection(ProjectConfigurationPlatforms) = postSolution
		{9C2A634D-5A20-45D2-9D9F-FDEFE1B3CB71}.Debug|Any CPU.ActiveCfg = Debug|Any CPU
		{9C2A634D-5A20-45D2-9D9F-FDEFE1B3CB71}.Debug|Any CPU.Build.0 = Debug|Any CPU
		{9C2A634D-5A20-45D2-9D9F-FDEFE1B3CB71}.Release|Any CPU.ActiveCfg = Release|Any CPU
		{9C2A634D-5A20-45D2-9D9F-FDEFE1B3CB71}.Release|Any CPU.Build.0 = Release|Any CPU
	EndGlobalSection
	GlobalSection(SolutionProperties) = preSolution
		HideSolutionNode = FALSE
	EndGlobalSection
	GlobalSection(ExtensibilityGlobals) = postSolution
		SolutionGuid = {F67A8616-13EC-4B7A-82E6-600B98813EB5}
	EndGlobalSection
EndGlobal
